
Microsoft Visual Studio Solution File, Format Version 12.00
# Visual Studio Version 16
VisualStudioVersion = 16.0.810.22
MinimumVisualStudioVersion = 10.0.40219.1
Project("{FAE04EC0-301F-11D3-BF4B-00C04F79EFBC}") = "OOP_Exercises", "OOP_Exercises\OOP_Exercises.csproj", "{8D13FAC6-4662-4748-8C44-0598DF85D311}"
EndProject
Global
	GlobalSection(SolutionConfigurationPlatforms) = preSolution
		Debug|Any CPU = Debug|Any CPU
		Release|Any CPU = Release|Any CPU
	EndGlobalSection
	GlobalSection(ProjectConfigurationPlatforms) = postSolution
		{8D13FAC6-4662-4748-8C44-0598DF85D311}.Debug|Any CPU.ActiveCfg = Debug|Any CPU
		{8D13FAC6-4662-4748-8C44-0598DF85D311}.Debug|Any CPU.Build.0 = Debug|Any CPU
		{8D13FAC6-4662-4748-8C44-0598DF85D311}.Release|Any CPU.ActiveCfg = Release|Any CPU
		{8D13FAC6-4662-4748-8C44-0598DF85D311}.Release|Any CPU.Build.0 = Release|Any CPU
	EndGlobalSection
	GlobalSection(SolutionProperties) = preSolution
		HideSolutionNode = FALSE
	EndGlobalSection
	GlobalSection(ExtensibilityGlobals) = postSolution
		SolutionGuid = {7643885F-F9AD-4973-A0E6-3475870B5CE2}
	EndGlobalSection
EndGlobal
